
Microsoft Visual Studio Solution File, Format Version 12.00
# Visual Studio Version 17
VisualStudioVersion = 17.4.33213.308
MinimumVisualStudioVersion = 10.0.40219.1
Project("{FAE04EC0-301F-11D3-BF4B-00C04F79EFBC}") = "KonturIntern", "KonturIntern\KonturIntern.csproj", "{A10138EC-967E-49E8-ACAF-F91469B614FD}"
EndProject
Global
	GlobalSection(SolutionConfigurationPlatforms) = preSolution
		Debug|Any CPU = Debug|Any CPU
		Release|Any CPU = Release|Any CPU
	EndGlobalSection
	GlobalSection(ProjectConfigurationPlatforms) = postSolution
		{A10138EC-967E-49E8-ACAF-F91469B614FD}.Debug|Any CPU.ActiveCfg = Debug|Any CPU
		{A10138EC-967E-49E8-ACAF-F91469B614FD}.Debug|Any CPU.Build.0 = Debug|Any CPU
		{A10138EC-967E-49E8-ACAF-F91469B614FD}.Release|Any CPU.ActiveCfg = Release|Any CPU
		{A10138EC-967E-49E8-ACAF-F91469B614FD}.Release|Any CPU.Build.0 = Release|Any CPU
	EndGlobalSection
	GlobalSection(SolutionProperties) = preSolution
		HideSolutionNode = FALSE
	EndGlobalSection
	GlobalSection(ExtensibilityGlobals) = postSolution
		SolutionGuid = {CE62C523-E81A-45C2-91B6-6D8700108C64}
	EndGlobalSection
EndGlobal
