
Microsoft Visual Studio Solution File, Format Version 12.00
# Visual Studio Version 17
VisualStudioVersion = 17.4.33213.308
MinimumVisualStudioVersion = 10.0.40219.1
Project("{FAE04EC0-301F-11D3-BF4B-00C04F79EFBC}") = "SimplexGoogleTest", "SimplexGoogleTest\SimplexGoogleTest.csproj", "{7E12832D-76DF-425B-9AF9-2023A2B2A3DE}"
EndProject
Global
	GlobalSection(SolutionConfigurationPlatforms) = preSolution
		Debug|Any CPU = Debug|Any CPU
		Release|Any CPU = Release|Any CPU
	EndGlobalSection
	GlobalSection(ProjectConfigurationPlatforms) = postSolution
		{7E12832D-76DF-425B-9AF9-2023A2B2A3DE}.Debug|Any CPU.ActiveCfg = Debug|Any CPU
		{7E12832D-76DF-425B-9AF9-2023A2B2A3DE}.Debug|Any CPU.Build.0 = Debug|Any CPU
		{7E12832D-76DF-425B-9AF9-2023A2B2A3DE}.Release|Any CPU.ActiveCfg = Release|Any CPU
		{7E12832D-76DF-425B-9AF9-2023A2B2A3DE}.Release|Any CPU.Build.0 = Release|Any CPU
	EndGlobalSection
	GlobalSection(SolutionProperties) = preSolution
		HideSolutionNode = FALSE
	EndGlobalSection
	GlobalSection(ExtensibilityGlobals) = postSolution
		SolutionGuid = {8DD85608-DEAC-483D-8687-605AC2AE689B}
	EndGlobalSection
EndGlobal
