
Microsoft Visual Studio Solution File, Format Version 12.00
# Visual Studio Version 17
VisualStudioVersion = 17.4.33213.308
MinimumVisualStudioVersion = 10.0.40219.1
Project("{FAE04EC0-301F-11D3-BF4B-00C04F79EFBC}") = "CalculatorSovmest", "CalculatorSovmest\CalculatorSovmest.csproj", "{3B5A863C-9D64-4133-BB30-0130EB75D09E}"
EndProject
Global
	GlobalSection(SolutionConfigurationPlatforms) = preSolution
		Debug|Any CPU = Debug|Any CPU
		Release|Any CPU = Release|Any CPU
	EndGlobalSection
	GlobalSection(ProjectConfigurationPlatforms) = postSolution
		{3B5A863C-9D64-4133-BB30-0130EB75D09E}.Debug|Any CPU.ActiveCfg = Debug|Any CPU
		{3B5A863C-9D64-4133-BB30-0130EB75D09E}.Debug|Any CPU.Build.0 = Debug|Any CPU
		{3B5A863C-9D64-4133-BB30-0130EB75D09E}.Release|Any CPU.ActiveCfg = Release|Any CPU
		{3B5A863C-9D64-4133-BB30-0130EB75D09E}.Release|Any CPU.Build.0 = Release|Any CPU
	EndGlobalSection
	GlobalSection(SolutionProperties) = preSolution
		HideSolutionNode = FALSE
	EndGlobalSection
	GlobalSection(ExtensibilityGlobals) = postSolution
		SolutionGuid = {0A6673A6-371B-46A3-80ED-E7982A8F2341}
	EndGlobalSection
EndGlobal
