
Microsoft Visual Studio Solution File, Format Version 12.00
# Visual Studio Version 17
VisualStudioVersion = 17.4.33213.308
MinimumVisualStudioVersion = 10.0.40219.1
Project("{FAE04EC0-301F-11D3-BF4B-00C04F79EFBC}") = "OptimizationLab1", "OptimizationLab1\OptimizationLab1.csproj", "{BC729B07-7F0E-46C7-9A1B-335D368107F4}"
EndProject
Global
	GlobalSection(SolutionConfigurationPlatforms) = preSolution
		Debug|Any CPU = Debug|Any CPU
		Release|Any CPU = Release|Any CPU
	EndGlobalSection
	GlobalSection(ProjectConfigurationPlatforms) = postSolution
		{BC729B07-7F0E-46C7-9A1B-335D368107F4}.Debug|Any CPU.ActiveCfg = Debug|Any CPU
		{BC729B07-7F0E-46C7-9A1B-335D368107F4}.Debug|Any CPU.Build.0 = Debug|Any CPU
		{BC729B07-7F0E-46C7-9A1B-335D368107F4}.Release|Any CPU.ActiveCfg = Release|Any CPU
		{BC729B07-7F0E-46C7-9A1B-335D368107F4}.Release|Any CPU.Build.0 = Release|Any CPU
	EndGlobalSection
	GlobalSection(SolutionProperties) = preSolution
		HideSolutionNode = FALSE
	EndGlobalSection
	GlobalSection(ExtensibilityGlobals) = postSolution
		SolutionGuid = {E914189E-7304-4460-950C-C2518870068C}
	EndGlobalSection
EndGlobal
