
Microsoft Visual Studio Solution File, Format Version 12.00
# Visual Studio Version 17
VisualStudioVersion = 17.4.33213.308
MinimumVisualStudioVersion = 10.0.40219.1
Project("{9A19103F-16F7-4668-BE54-9A1E7A4F7556}") = "Optimization2", "Optimization2\Optimization2.csproj", "{6F2CF9B2-A75F-4C07-A8CA-A6DA031CCB2A}"
EndProject
Project("{9A19103F-16F7-4668-BE54-9A1E7A4F7556}") = "SimplexGoogleTest", "..\SimplexGoogleTest\SimplexGoogleTest\SimplexGoogleTest.csproj", "{87670545-DC62-4ED9-8202-5819F6D534C9}"
EndProject
Project("{9A19103F-16F7-4668-BE54-9A1E7A4F7556}") = "OPT3", "OPT3\OPT3.csproj", "{6DC238AF-E971-4245-9B53-12DDD4685A12}"
EndProject
Project("{9A19103F-16F7-4668-BE54-9A1E7A4F7556}") = "OPT3WPF", "OPT3WPF\OPT3WPF.csproj", "{EBB18C66-8BF8-4C73-99BF-3CB4AB154C41}"
EndProject
Project("{FAE04EC0-301F-11D3-BF4B-00C04F79EFBC}") = "MoldelLab1", "MoldelLab1\MoldelLab1.csproj", "{4AFA4439-D8F9-407A-B794-AF9B2C067E6B}"
EndProject
Global
	GlobalSection(SolutionConfigurationPlatforms) = preSolution
		Debug|Any CPU = Debug|Any CPU
		Release|Any CPU = Release|Any CPU
	EndGlobalSection
	GlobalSection(ProjectConfigurationPlatforms) = postSolution
		{6F2CF9B2-A75F-4C07-A8CA-A6DA031CCB2A}.Debug|Any CPU.ActiveCfg = Debug|Any CPU
		{6F2CF9B2-A75F-4C07-A8CA-A6DA031CCB2A}.Debug|Any CPU.Build.0 = Debug|Any CPU
		{6F2CF9B2-A75F-4C07-A8CA-A6DA031CCB2A}.Release|Any CPU.ActiveCfg = Release|Any CPU
		{6F2CF9B2-A75F-4C07-A8CA-A6DA031CCB2A}.Release|Any CPU.Build.0 = Release|Any CPU
		{87670545-DC62-4ED9-8202-5819F6D534C9}.Debug|Any CPU.ActiveCfg = Debug|Any CPU
		{87670545-DC62-4ED9-8202-5819F6D534C9}.Debug|Any CPU.Build.0 = Debug|Any CPU
		{87670545-DC62-4ED9-8202-5819F6D534C9}.Release|Any CPU.ActiveCfg = Release|Any CPU
		{87670545-DC62-4ED9-8202-5819F6D534C9}.Release|Any CPU.Build.0 = Release|Any CPU
		{6DC238AF-E971-4245-9B53-12DDD4685A12}.Debug|Any CPU.ActiveCfg = Debug|Any CPU
		{6DC238AF-E971-4245-9B53-12DDD4685A12}.Debug|Any CPU.Build.0 = Debug|Any CPU
		{6DC238AF-E971-4245-9B53-12DDD4685A12}.Release|Any CPU.ActiveCfg = Release|Any CPU
		{6DC238AF-E971-4245-9B53-12DDD4685A12}.Release|Any CPU.Build.0 = Release|Any CPU
		{EBB18C66-8BF8-4C73-99BF-3CB4AB154C41}.Debug|Any CPU.ActiveCfg = Debug|Any CPU
		{EBB18C66-8BF8-4C73-99BF-3CB4AB154C41}.Debug|Any CPU.Build.0 = Debug|Any CPU
		{EBB18C66-8BF8-4C73-99BF-3CB4AB154C41}.Release|Any CPU.ActiveCfg = Release|Any CPU
		{EBB18C66-8BF8-4C73-99BF-3CB4AB154C41}.Release|Any CPU.Build.0 = Release|Any CPU
		{4AFA4439-D8F9-407A-B794-AF9B2C067E6B}.Debug|Any CPU.ActiveCfg = Debug|Any CPU
		{4AFA4439-D8F9-407A-B794-AF9B2C067E6B}.Debug|Any CPU.Build.0 = Debug|Any CPU
		{4AFA4439-D8F9-407A-B794-AF9B2C067E6B}.Release|Any CPU.ActiveCfg = Release|Any CPU
		{4AFA4439-D8F9-407A-B794-AF9B2C067E6B}.Release|Any CPU.Build.0 = Release|Any CPU
	EndGlobalSection
	GlobalSection(SolutionProperties) = preSolution
		HideSolutionNode = FALSE
	EndGlobalSection
	GlobalSection(ExtensibilityGlobals) = postSolution
		SolutionGuid = {215B65A5-4E75-4767-B294-E7AF83DB791D}
	EndGlobalSection
EndGlobal
