
Microsoft Visual Studio Solution File, Format Version 12.00
# Visual Studio Version 17
VisualStudioVersion = 17.4.33213.308
MinimumVisualStudioVersion = 10.0.40219.1
Project("{FAE04EC0-301F-11D3-BF4B-00C04F79EFBC}") = "Excel-back", "Excel-back\Excel-back.csproj", "{0890ADC7-C0CF-4D11-93F3-C6C3C8CC7D94}"
EndProject
Global
	GlobalSection(SolutionConfigurationPlatforms) = preSolution
		Debug|Any CPU = Debug|Any CPU
		Release|Any CPU = Release|Any CPU
	EndGlobalSection
	GlobalSection(ProjectConfigurationPlatforms) = postSolution
		{0890ADC7-C0CF-4D11-93F3-C6C3C8CC7D94}.Debug|Any CPU.ActiveCfg = Debug|Any CPU
		{0890ADC7-C0CF-4D11-93F3-C6C3C8CC7D94}.Debug|Any CPU.Build.0 = Debug|Any CPU
		{0890ADC7-C0CF-4D11-93F3-C6C3C8CC7D94}.Release|Any CPU.ActiveCfg = Release|Any CPU
		{0890ADC7-C0CF-4D11-93F3-C6C3C8CC7D94}.Release|Any CPU.Build.0 = Release|Any CPU
	EndGlobalSection
	GlobalSection(SolutionProperties) = preSolution
		HideSolutionNode = FALSE
	EndGlobalSection
	GlobalSection(ExtensibilityGlobals) = postSolution
		SolutionGuid = {6BD0A79A-2E9F-46BD-B37C-E59414C02793}
	EndGlobalSection
EndGlobal
