
Microsoft Visual Studio Solution File, Format Version 12.00
# Visual Studio Version 17
VisualStudioVersion = 17.4.33213.308
MinimumVisualStudioVersion = 10.0.40219.1
Project("{FAE04EC0-301F-11D3-BF4B-00C04F79EFBC}") = "Refactor", "Refactor\Refactor.csproj", "{319C4FFC-81BA-419D-83B6-CABFC3FFEBB7}"
EndProject
Project("{FAE04EC0-301F-11D3-BF4B-00C04F79EFBC}") = "TestsLab1", "TestsLab1\TestsLab1.csproj", "{C87BC48C-C48C-4F88-A1A5-49C6CA77D774}"
EndProject
Global
	GlobalSection(SolutionConfigurationPlatforms) = preSolution
		Debug|Any CPU = Debug|Any CPU
		Release|Any CPU = Release|Any CPU
	EndGlobalSection
	GlobalSection(ProjectConfigurationPlatforms) = postSolution
		{319C4FFC-81BA-419D-83B6-CABFC3FFEBB7}.Debug|Any CPU.ActiveCfg = Debug|Any CPU
		{319C4FFC-81BA-419D-83B6-CABFC3FFEBB7}.Debug|Any CPU.Build.0 = Debug|Any CPU
		{319C4FFC-81BA-419D-83B6-CABFC3FFEBB7}.Release|Any CPU.ActiveCfg = Release|Any CPU
		{319C4FFC-81BA-419D-83B6-CABFC3FFEBB7}.Release|Any CPU.Build.0 = Release|Any CPU
		{C87BC48C-C48C-4F88-A1A5-49C6CA77D774}.Debug|Any CPU.ActiveCfg = Debug|Any CPU
		{C87BC48C-C48C-4F88-A1A5-49C6CA77D774}.Debug|Any CPU.Build.0 = Debug|Any CPU
		{C87BC48C-C48C-4F88-A1A5-49C6CA77D774}.Release|Any CPU.ActiveCfg = Release|Any CPU
		{C87BC48C-C48C-4F88-A1A5-49C6CA77D774}.Release|Any CPU.Build.0 = Release|Any CPU
	EndGlobalSection
	GlobalSection(SolutionProperties) = preSolution
		HideSolutionNode = FALSE
	EndGlobalSection
	GlobalSection(ExtensibilityGlobals) = postSolution
		SolutionGuid = {44EBBDC4-63B8-44BE-80C2-879921ACC01B}
	EndGlobalSection
EndGlobal
